PODS:
  - Alamofire (3.5.0)
  - MOBFoundation (2.0.11)
  - ObjectMapper (1.5.0)
  - SDWebImage (3.8.2):
    - SDWebImage/Core (= 3.8.2)
  - SDWebImage/Core (3.8.2)
  - ShareSDK3 (3.4.2):
    - ShareSDK3/ShareSDK (= 3.4.2)
  - ShareSDK3/ShareSDK (3.4.2)
  - ShareSDK3/ShareSDKPlatforms/QQ (3.4.2)
  - ShareSDK3/ShareSDKPlatforms/WeChat (3.4.2)
  - SnapKit (0.15.0)

DEPENDENCIES:
  - Alamofire (from `https://github.com/Alamofire/Alamofire.git`, tag `3.5.0`)
  - MOBFoundation
  - ObjectMapper (~> 1.2)
  - SDWebImage (~> 3.7)
  - ShareSDK3
  - ShareSDK3/ShareSDKPlatforms/QQ
  - ShareSDK3/ShareSDKPlatforms/WeChat
  - SnapKit (~> 0.15.0)

EXTERNAL SOURCES:
  Alamofire:
    :git: https://github.com/Alamofire/Alamofire.git
    :tag: 3.5.0

CHECKOUT OPTIONS:
  Alamofire:
    :git: https://github.com/Alamofire/Alamofire.git
    :tag: 3.5.0

SPEC CHECKSUMS:
  Alamofire: b70a7352335f8ea5babd0a923eb7e8eacc67b877
  MOBFoundation: e213065e65eebd8146ab29d10a8445dc8f385091
  ObjectMapper: 386645adca9d9d23b95eda43090b09d66444cf14
  SDWebImage: 098e97e6176540799c27e804c96653ee0833d13c
  ShareSDK3: 2fa975dd22937fc7de3f6b5d0c41a18ba0dd1661
  SnapKit: 4962eed2ee18e48cbd2b2292fffc57efe7235f87

PODFILE CHECKSUM: f900f6f9d4c437a330f1534b7a009e12767377d6

COCOAPODS: 1.0.1
