PODS:
  - Alamofire (4.0.1)
  - Kingfisher (3.1.3)
  - MOBFoundation (2.0.11)
  - ObjectMapper (2.1.0)
  - SDWebImage (3.8.2):
    - SDWebImage/Core (= 3.8.2)
  - SDWebImage/Core (3.8.2)
  - ShareSDK3 (3.4.2):
    - ShareSDK3/ShareSDK (= 3.4.2)
  - ShareSDK3/ShareSDK (3.4.2)
  - ShareSDK3/ShareSDKPlatforms/QQ (3.4.2)
  - ShareSDK3/ShareSDKPlatforms/WeChat (3.4.2)
  - SnapKit (3.0.2)

DEPENDENCIES:
  - Alamofire (~> 4.0)
  - Kingfisher (~> 3.1.3)
  - MOBFoundation
  - ObjectMapper (~> 2.1)
  - SDWebImage (~> 3.7)
  - ShareSDK3
  - ShareSDK3/ShareSDKPlatforms/QQ
  - ShareSDK3/ShareSDKPlatforms/WeChat
  - SnapKit (~> 3.0.2)

SPEC CHECKSUMS:
  Alamofire: 7682d43245de14874acd142ec137b144aa1dd335
  Kingfisher: 007f5851c18c81e7cc106c9cbac1bafea1cce5dc
  MOBFoundation: e213065e65eebd8146ab29d10a8445dc8f385091
  ObjectMapper: e5e0f8aef8590fc2ddcde7f27eddb255863ee6e9
  SDWebImage: 098e97e6176540799c27e804c96653ee0833d13c
  ShareSDK3: 2fa975dd22937fc7de3f6b5d0c41a18ba0dd1661
  SnapKit: 2e456761aa92d4d4067a7a5594c18769d451a8ad

PODFILE CHECKSUM: bb0e9c75d634ba63b5b643b45a805a9d9e671f03

COCOAPODS: 1.0.1
