PODS:
  - Alamofire (4.9.1)
  - Kingfisher (4.10.1)
  - MOBFoundation (3.2.17)
  - ObjectMapper (3.5.3)
  - RxCocoa (5.1.1):
    - RxRelay (~> 5)
    - RxSwift (~> 5)
  - RxRelay (5.1.1):
    - RxSwift (~> 5)
  - RxSwift (5.1.1)
  - ShareSDK3 (3.5.2):
    - ShareSDK3/ShareSDK (= 3.5.2)
  - ShareSDK3/ShareSDK (3.5.2)
  - ShareSDK3/ShareSDKPlatforms/QQ (3.5.2)
  - ShareSDK3/ShareSDKPlatforms/WeChat (3.5.2)
  - SnapKit (4.0.1)

DEPENDENCIES:
  - Alamofire
  - Kingfisher
  - MOBFoundation
  - ObjectMapper (~> 3.5)
  - RxCocoa (~> 5)
  - RxSwift (~> 5)
  - ShareSDK3 (= 3.5.2)
  - ShareSDK3/ShareSDKPlatforms/QQ
  - ShareSDK3/ShareSDKPlatforms/WeChat
  - SnapKit (~> 4.0.0)

SPEC REPOS:
  trunk:
    - Alamofire
    - Kingfisher
    - MOBFoundation
    - ObjectMapper
    - RxCocoa
    - RxRelay
    - RxSwift
    - ShareSDK3
    - SnapKit

SPEC CHECKSUMS:
  Alamofire: 85e8a02c69d6020a0d734f6054870d7ecb75cf18
  Kingfisher: c148cd7b47ebde9989f6bc7c27dcaa79d81279a0
  MOBFoundation: 37e2c100051fd710976b1f8d00643d28f31fcaca
  ObjectMapper: 97111c97e054a6ee25917662106689f0b4127b37
  RxCocoa: 32065309a38d29b5b0db858819b5bf9ef038b601
  RxRelay: d77f7d771495f43c556cbc43eebd1bb54d01e8e9
  RxSwift: 81470a2074fa8780320ea5fe4102807cb7118178
  ShareSDK3: 08ed714e2bbdcd97ab60f58cb398227341dfc20a
  SnapKit: 0de968a9fec17499afa29683b05d0c775b6d1c29

PODFILE CHECKSUM: 23d04f1bc0eea94ce5f8085b529ba3fa723b0639

COCOAPODS: 1.9.3
